packages:
- package: dbt-labs/audit_helper
  name: audit_helper
  version: 0.12.1
- package: dbt-labs/codegen
  name: codegen
  version: 0.13.1
- package: calogica/dbt_date
  name: dbt_date
  version: 0.10.1
- package: calogica/dbt_expectations
  name: dbt_expectations
  version: 0.10.3
- package: dbt-labs/dbt_utils
  name: dbt_utils
  version: 1.3.0
- package: elementary-data/elementary
  name: elementary
  version: 0.18.0
sha1_hash: 428108b6df4ba2112eac0cf7aeae3fe82c454ccc
